
Microsoft Visual Studio Solution File, Format Version 12.00
# Visual Studio Version 17
VisualStudioVersion = 17.0.31903.59
MinimumVisualStudioVersion = 10.0.40219.1
Project("{FAE04EC0-301F-11D3-BF4B-00C04F79EFBC}") = "print", "print\print.csproj", "{ACFA5B94-85A8-4BEC-9B0B-4769BE18B3F0}"
EndProject
Project("{FAE04EC0-301F-11D3-BF4B-00C04F79EFBC}") = "tlcmm", "tlcmm\tlcmm.csproj", "{A41154E0-FAAE-4278-A98A-3FB6FE871C90}"
EndProject
Global
	GlobalSection(SolutionProperties) = preSolution
		HideSolutionNode = FALSE
	EndGlobalSection
	GlobalSection(SolutionConfigurationPlatforms) = preSolution
		Debug|Any CPU = Debug|Any CPU
		Debug|x64 = Debug|x64
		Debug|x86 = Debug|x86
		Release|Any CPU = Release|Any CPU
		Release|x64 = Release|x64
		Release|x86 = Release|x86
	EndGlobalSection
	GlobalSection(ProjectConfigurationPlatforms) = postSolution
		{ACFA5B94-85A8-4BEC-9B0B-4769BE18B3F0}.Debug|Any CPU.ActiveCfg = Debug|Any CPU
		{ACFA5B94-85A8-4BEC-9B0B-4769BE18B3F0}.Debug|Any CPU.Build.0 = Debug|Any CPU
		{ACFA5B94-85A8-4BEC-9B0B-4769BE18B3F0}.Debug|x64.ActiveCfg = Debug|Any CPU
		{ACFA5B94-85A8-4BEC-9B0B-4769BE18B3F0}.Debug|x64.Build.0 = Debug|Any CPU
		{ACFA5B94-85A8-4BEC-9B0B-4769BE18B3F0}.Debug|x86.ActiveCfg = Debug|Any CPU
		{ACFA5B94-85A8-4BEC-9B0B-4769BE18B3F0}.Debug|x86.Build.0 = Debug|Any CPU
		{ACFA5B94-85A8-4BEC-9B0B-4769BE18B3F0}.Release|Any CPU.ActiveCfg = Release|Any CPU
		{ACFA5B94-85A8-4BEC-9B0B-4769BE18B3F0}.Release|Any CPU.Build.0 = Release|Any CPU
		{ACFA5B94-85A8-4BEC-9B0B-4769BE18B3F0}.Release|x64.ActiveCfg = Release|Any CPU
		{ACFA5B94-85A8-4BEC-9B0B-4769BE18B3F0}.Release|x64.Build.0 = Release|Any CPU
		{ACFA5B94-85A8-4BEC-9B0B-4769BE18B3F0}.Release|x86.ActiveCfg = Release|Any CPU
		{ACFA5B94-85A8-4BEC-9B0B-4769BE18B3F0}.Release|x86.Build.0 = Release|Any CPU
		{A41154E0-FAAE-4278-A98A-3FB6FE871C90}.Debug|Any CPU.ActiveCfg = Debug|Any CPU
		{A41154E0-FAAE-4278-A98A-3FB6FE871C90}.Debug|Any CPU.Build.0 = Debug|Any CPU
		{A41154E0-FAAE-4278-A98A-3FB6FE871C90}.Debug|x64.ActiveCfg = Debug|Any CPU
		{A41154E0-FAAE-4278-A98A-3FB6FE871C90}.Debug|x64.Build.0 = Debug|Any CPU
		{A41154E0-FAAE-4278-A98A-3FB6FE871C90}.Debug|x86.ActiveCfg = Debug|Any CPU
		{A41154E0-FAAE-4278-A98A-3FB6FE871C90}.Debug|x86.Build.0 = Debug|Any CPU
		{A41154E0-FAAE-4278-A98A-3FB6FE871C90}.Release|Any CPU.ActiveCfg = Release|Any CPU
		{A41154E0-FAAE-4278-A98A-3FB6FE871C90}.Release|Any CPU.Build.0 = Release|Any CPU
		{A41154E0-FAAE-4278-A98A-3FB6FE871C90}.Release|x64.ActiveCfg = Release|Any CPU
		{A41154E0-FAAE-4278-A98A-3FB6FE871C90}.Release|x64.Build.0 = Release|Any CPU
		{A41154E0-FAAE-4278-A98A-3FB6FE871C90}.Release|x86.ActiveCfg = Release|Any CPU
		{A41154E0-FAAE-4278-A98A-3FB6FE871C90}.Release|x86.Build.0 = Release|Any CPU
	EndGlobalSection
EndGlobal
